
Microsoft Visual Studio Solution File, Format Version 12.00
# Visual Studio Version 16
VisualStudioVersion = 16.0.32228.343
MinimumVisualStudioVersion = 10.0.40219.1
Project("{FAE04EC0-301F-11D3-BF4B-00C04F79EFBC}") = "Veterinaria.Common", "Veterinaria.Common\Veterinaria.Common.csproj", "{B94C32EA-8F4D-4DF9-8639-AA66C461436F}"
EndProject
Project("{FAE04EC0-301F-11D3-BF4B-00C04F79EFBC}") = "Veterinaria.Web", "Veterinaria.Web\Veterinaria.Web.csproj", "{71C7EABD-EF2E-4744-A217-EBE4055C8C42}"
EndProject
Global
	GlobalSection(SolutionConfigurationPlatforms) = preSolution
		Debug|Any CPU = Debug|Any CPU
		Release|Any CPU = Release|Any CPU
	EndGlobalSection
	GlobalSection(ProjectConfigurationPlatforms) = postSolution
		{B94C32EA-8F4D-4DF9-8639-AA66C461436F}.Debug|Any CPU.ActiveCfg = Debug|Any CPU
		{B94C32EA-8F4D-4DF9-8639-AA66C461436F}.Debug|Any CPU.Build.0 = Debug|Any CPU
		{B94C32EA-8F4D-4DF9-8639-AA66C461436F}.Release|Any CPU.ActiveCfg = Release|Any CPU
		{B94C32EA-8F4D-4DF9-8639-AA66C461436F}.Release|Any CPU.Build.0 = Release|Any CPU
		{71C7EABD-EF2E-4744-A217-EBE4055C8C42}.Debug|Any CPU.ActiveCfg = Debug|Any CPU
		{71C7EABD-EF2E-4744-A217-EBE4055C8C42}.Debug|Any CPU.Build.0 = Debug|Any CPU
		{71C7EABD-EF2E-4744-A217-EBE4055C8C42}.Release|Any CPU.ActiveCfg = Release|Any CPU
		{71C7EABD-EF2E-4744-A217-EBE4055C8C42}.Release|Any CPU.Build.0 = Release|Any CPU
	EndGlobalSection
	GlobalSection(SolutionProperties) = preSolution
		HideSolutionNode = FALSE
	EndGlobalSection
	GlobalSection(ExtensibilityGlobals) = postSolution
		SolutionGuid = {BAC98063-3EB0-44CD-8F03-B3E9EBFBB676}
	EndGlobalSection
EndGlobal
